PODS:
  - Alamofire (4.8.1)
  - CryptoSwift (0.14.0)
  - JGProgressHUD (2.0.3)
  - NVActivityIndicatorView (4.6.1):
    - NVActivityIndicatorView/Presenter (= 4.6.1)
  - NVActivityIndicatorView/Presenter (4.6.1)
  - Pastel (0.5.1)
  - UICircularProgressRing (6.0.2)

DEPENDENCIES:
  - Alamofire
  - CryptoSwift
  - JGProgressHUD
  - NVActivityIndicatorView
  - Pastel
  - UICircularProgressRing

SPEC REPOS:
  https://github.com/cocoapods/specs.git:
    - Alamofire
    - CryptoSwift
    - JGProgressHUD
    - NVActivityIndicatorView
    - Pastel
    - UICircularProgressRing

SPEC CHECKSUMS:
  Alamofire: 16ce2c353fb72865124ddae8a57c5942388f4f11
  CryptoSwift: 35a10419f4dbf0619c13f8c1c180037e115323fa
  JGProgressHUD: 12b20a8f4ffe05258f8635c1ab92816e451f904d
  NVActivityIndicatorView: 4ca19fccc84595a78957336a086d00a49be6ce61
  Pastel: b3dd5b8d612dac06ae7c63c97c45c900829bc139
  UICircularProgressRing: 2ef1293241b83d8020ede21a8fe3b3d859525730

PODFILE CHECKSUM: ad3aaca0f46c7a58a92cffe6b6052aa6daeb0b9a

COCOAPODS: 1.5.3
